version = 1
revision = 1
requires-python = ">=3.10, <3.12"
resolution-markers = [
    "python_full_version >= '3.11' and sys_platform == 'darwin'",
    "python_full_version >= '3.11' and platform_machine == 'aarch64' and sys_platform == 'linux'",
    "(python_full_version >= '3.11' and platform_machine != 'aarch64' and sys_platform == 'linux') or (python_full_version >= '3.11' and sys_platform != 'darwin' and sys_platform != 'linux')",
    "python_full_version < '3.11' and sys_platform == 'darwin'",
    "python_full_version < '3.11' and platform_machine == 'aarch64' and sys_platform == 'linux'",
    "(python_full_version < '3.11' and platform_machine != 'aarch64' and sys_platform == 'linux') or (python_full_version < '3.11' and sys_platform != 'darwin' and sys_platform != 'linux')",
]

[[package]]
name = "accelerate"
version = "0.34.2"
source = { registry = "https://pypi.org/simple" }
dependencies = [
    { name = "huggingface-hub" },
    { name = "numpy" },
    { name = "packaging" },
    { name = "psutil" },
    { name = "pyyaml" },
    { name = "safetensors" },
    { name = "torch" },
]
sdist = { url = "https://files.pythonhosted.org/packages/4d/82/5712c44a5a5ef7c4d375363b179a099e834491221ece02e81a1209b08233/accelerate-0.34.2.tar.gz", hash = "sha256:98c1ebe1f5a45c0a3af02dc60b5bb8b7d58d60c3326a326a06ce6d956b18ca5b", size = 328806 }
wheels = [
    { url = "https://files.pythonhosted.org/packages/b0/5e/80cee674cdbe529ef008721d7eebb50ae5def4314211d82123aa23e828f8/accelerate-0.34.2-py3-none-any.whl", hash = "sha256:d69159e2c4e4a473d14443b27d2d732929254e826b3ab4813b3785b5ac616c7c", size = 324366 },
]

[[package]]
name = "aiohappyeyeballs"
version = "2.6.1"
source = { registry = "https://pypi.org/simple" }
sdist = { url = "https://files.pythonhosted.org/packages/26/30/f84a107a9c4331c14b2b586036f40965c128aa4fee4dda5d3d51cb14ad54/aiohappyeyeballs-2.6.1.tar.gz", hash = "sha256:c3f9d0113123803ccadfdf3f0faa505bc78e6a72d1cc4806cbd719826e943558", size = 22760 }
wheels = [
    { url = "https://files.pythonhosted.org/packages/0f/15/5bf3b99495fb160b63f95972b81750f18f7f4e02ad051373b669d17d44f2/aiohappyeyeballs-2.6.1-py3-none-any.whl", hash = "sha256:f349ba8f4b75cb25c99c5c2d84e997e485204d2902a9597802b0371f09331fb8", size = 15265 },
]

[[package]]
name = "aiohttp"
version = "3.11.14"
source = { registry = "https://pypi.org/simple" }
dependencies = [
    { name = "aiohappyeyeballs" },
    { name = "aiosignal" },
    { name = "async-timeout", marker = "python_full_version < '3.11'" },
    { name = "attrs" },
    { name = "frozenlist" },
    { name = "multidict" },
    { name = "propcache" },
    { name = "yarl" },
]
sdist = { url = "https://files.pythonhosted.org/packages/6c/96/91e93ae5fd04d428c101cdbabce6c820d284d61d2614d00518f4fa52ea24/aiohttp-3.11.14.tar.gz", hash = "sha256:d6edc538c7480fa0a3b2bdd705f8010062d74700198da55d16498e1b49549b9c", size = 7676994 }
wheels = [
    { url = "https://files.pythonhosted.org/packages/6a/e1/f1ccc6cf29a31fb33e4eaa07a9d8e4dff00e23b32423b679cdb89536fe71/aiohttp-3.11.14-cp310-cp310-macosx_10_9_universal2.whl", hash = "sha256:e2bc827c01f75803de77b134afdbf74fa74b62970eafdf190f3244931d7a5c0d", size = 709390 },
    { url = "https://files.pythonhosted.org/packages/80/7d/195965f183a724d0470560b097543e96dc4a672fc2714012d1be87d6775c/aiohttp-3.11.14-cp310-cp310-macosx_10_9_x86_64.whl", hash = "sha256:e365034c5cf6cf74f57420b57682ea79e19eb29033399dd3f40de4d0171998fa", size = 469246 },
    { url = "https://files.pythonhosted.org/packages/46/02/3a4f05e966c2edeace5103f40d296ba0159cee633ab0f162fbea579653e3/aiohttp-3.11.14-cp310-cp310-macosx_11_0_arm64.whl", hash = "sha256:c32593ead1a8c6aabd58f9d7ee706e48beac796bb0cb71d6b60f2c1056f0a65f", size = 456384 },
    { url = "https://files.pythonhosted.org/packages/68/a6/c96cd5452af267fdda1cf46accc356d1295fb14da4a7a0e081567ea297af/aiohttp-3.11.14-cp310-cp310-manylinux_2_17_aarch64.manylinux2014_aarch64.whl", hash = "sha256:b4e7c7ec4146a94a307ca4f112802a8e26d969018fabed526efc340d21d3e7d0", size = 1589803 },
    { url = "https://files.pythonhosted.org/packages/7f/f4/e50ef78483485bcdae9cf29c9144af2b42457e18175a6ace7c560d89325e/aiohttp-3.11.14-cp310-cp310-manylinux_2_17_ppc64le.manylinux2014_ppc64le.whl", hash = "sha256:c8b2df9feac55043759aa89f722a967d977d80f8b5865a4153fc41c93b957efc", size = 1632525 },
    { url = "https://files.pythonhosted.org/packages/8b/92/b6bd4b89304eee827cf07a40b98af171342cddfa1f8b02b55cd0485b9d4f/aiohttp-3.11.14-cp310-cp310-manylinux_2_17_s390x.manylinux2014_s390x.whl", hash = "sha256:c7571f99525c76a6280f5fe8e194eeb8cb4da55586c3c61c59c33a33f10cfce7", size = 1666839 },
    { url = "https://files.pythonhosted.org/packages/c7/21/f3230a9f78bb4a4c4462040bf8425ebb673e3773dd17fd9d06d1af43a955/aiohttp-3.11.14-cp310-cp310-manylinux_2_17_x86_64.manylinux2014_x86_64.whl", hash = "sha256:b59d096b5537ec7c85954cb97d821aae35cfccce3357a2cafe85660cc6295628", size = 1590572 },
    { url = "https://files.pythonhosted.org/packages/8e/12/e4fd2616950a39425b739476c3eccc820061ea5f892815566d27282e7825/aiohttp-3.11.14-cp310-cp310-manylinux_2_5_i686.manylinux1_i686.manylinux_2_17_i686.manylinux2014_i686.whl", hash = "sha256:b42dbd097abb44b3f1156b4bf978ec5853840802d6eee2784857be11ee82c6a0", size = 1543380 },
    { url = "https://files.pythonhosted.org/packages/6a/7c/3f82c2fdcca53cc8732fa342abbe0372bbbd8af3162d6629ac0a7dc8b281/aiohttp-3.11.14-cp310-cp310-musllinux_1_2_aarch64.whl", hash = "sha256:b05774864c87210c531b48dfeb2f7659407c2dda8643104fb4ae5e2c311d12d9", size = 1530160 },
